
Microsoft Visual Studio Solution File, Format Version 12.00
# Visual Studio Version 17
VisualStudioVersion = 17.5.33502.453
MinimumVisualStudioVersion = 10.0.40219.1
Project("{FAE04EC0-301F-11D3-BF4B-00C04F79EFBC}") = "PPLaboII_Dorbessan", "PPLaboII_Dorbessan\PPLaboII_Dorbessan.csproj", "{03C529B8-6BD2-4848-AF98-585AA4CA25EE}"
EndProject
Global
	GlobalSection(SolutionConfigurationPlatforms) = preSolution
		Debug|Any CPU = Debug|Any CPU
		Release|Any CPU = Release|Any CPU
	EndGlobalSection
	GlobalSection(ProjectConfigurationPlatforms) = postSolution
		{03C529B8-6BD2-4848-AF98-585AA4CA25EE}.Debug|Any CPU.ActiveCfg = Debug|Any CPU
		{03C529B8-6BD2-4848-AF98-585AA4CA25EE}.Debug|Any CPU.Build.0 = Debug|Any CPU
		{03C529B8-6BD2-4848-AF98-585AA4CA25EE}.Release|Any CPU.ActiveCfg = Release|Any CPU
		{03C529B8-6BD2-4848-AF98-585AA4CA25EE}.Release|Any CPU.Build.0 = Release|Any CPU
	EndGlobalSection
	GlobalSection(SolutionProperties) = preSolution
		HideSolutionNode = FALSE
	EndGlobalSection
	GlobalSection(ExtensibilityGlobals) = postSolution
		SolutionGuid = {75EDC310-FE00-4FD7-AE3F-F50BF790457F}
	EndGlobalSection
EndGlobal
